
Microsoft Visual Studio Solution File, Format Version 12.00
# Visual Studio Version 17
VisualStudioVersion = 17.0.31903.59
MinimumVisualStudioVersion = 10.0.40219.1
Project("{2150E333-8FDC-42A3-9474-1A3956D46DE8}") = "src", "src", "{827E0CD3-B72D-47B6-A68D-7590B98EB39B}"
EndProject
Project("{FAE04EC0-301F-11D3-BF4B-00C04F79EFBC}") = "Faro.Collector", "src\Faro.Collector\Faro.Collector.csproj", "{5A0A1F42-6D25-46FB-8FE5-685064722ED0}"
EndProject
Project("{FAE04EC0-301F-11D3-BF4B-00C04F79EFBC}") = "Faro.Storage", "src\Faro.Storage\Faro.Storage.csproj", "{846D48D5-737A-4DC4-98FB-B595063D76B0}"
EndProject
Project("{FAE04EC0-301F-11D3-BF4B-00C04F79EFBC}") = "Faro.Client", "src\Faro.Client\Faro.Client.csproj", "{66984B9B-43DB-46CD-A6EF-C28194E6225C}"
EndProject
Project("{FAE04EC0-301F-11D3-BF4B-00C04F79EFBC}") = "Faro.Shared", "src\Faro.Shared\Faro.Shared.csproj", "{F397CED9-C1F3-4065-A5B4-ACD275AC182A}"
EndProject
Project("{2150E333-8FDC-42A3-9474-1A3956D46DE8}") = "tests", "tests", "{0AB3BF05-4346-4AA6-1389-037BE0695223}"
EndProject
Project("{FAE04EC0-301F-11D3-BF4B-00C04F79EFBC}") = "Faro.Collector.Tests", "tests\Faro.Collector.Tests\Faro.Collector.Tests.csproj", "{F533108C-0E67-4B75-9F47-6AA4288024C8}"
EndProject
Project("{FAE04EC0-301F-11D3-BF4B-00C04F79EFBC}") = "Faro.Storage.Tests", "tests\Faro.Storage.Tests\Faro.Storage.Tests.csproj", "{C3691706-F122-4BB9-9EFF-73B7C5879C19}"
EndProject
Project("{FAE04EC0-301F-11D3-BF4B-00C04F79EFBC}") = "TestApp", "src\TestApp\TestApp.csproj", "{24883D8E-30A2-4C08-9E5D-C553A2D9175E}"
EndProject
Project("{FAE04EC0-301F-11D3-BF4B-00C04F79EFBC}") = "Faro.Consumer", "src\Faro.Consumer\Faro.Consumer.csproj", "{DA34BB07-A6FF-405A-B733-8D4679E60A57}"
EndProject
Project("{FAE04EC0-301F-11D3-BF4B-00C04F79EFBC}") = "Faro.AlertingEngine", "src\Faro.AlertingEngine\Faro.AlertingEngine.csproj", "{7B459CE3-DE6A-4C15-BB74-4CE95EABFE11}"
EndProject
Project("{FAE04EC0-301F-11D3-BF4B-00C04F79EFBC}") = "Faro.AlertingEngine.Tests", "tests\Faro.AlertingEngine.Tests\Faro.AlertingEngine.Tests.csproj", "{C7B77D9F-7DE9-42AA-A5D9-7E1068F1A847}"
EndProject
Global
	GlobalSection(SolutionConfigurationPlatforms) = preSolution
		Debug|Any CPU = Debug|Any CPU
		Debug|x64 = Debug|x64
		Debug|x86 = Debug|x86
		Release|Any CPU = Release|Any CPU
		Release|x64 = Release|x64
		Release|x86 = Release|x86
	EndGlobalSection
	GlobalSection(ProjectConfigurationPlatforms) = postSolution
		{5A0A1F42-6D25-46FB-8FE5-685064722ED0}.Debug|Any CPU.ActiveCfg = Debug|Any CPU
		{5A0A1F42-6D25-46FB-8FE5-685064722ED0}.Debug|Any CPU.Build.0 = Debug|Any CPU
		{5A0A1F42-6D25-46FB-8FE5-685064722ED0}.Debug|x64.ActiveCfg = Debug|Any CPU
		{5A0A1F42-6D25-46FB-8FE5-685064722ED0}.Debug|x64.Build.0 = Debug|Any CPU
		{5A0A1F42-6D25-46FB-8FE5-685064722ED0}.Debug|x86.ActiveCfg = Debug|Any CPU
		{5A0A1F42-6D25-46FB-8FE5-685064722ED0}.Debug|x86.Build.0 = Debug|Any CPU
		{5A0A1F42-6D25-46FB-8FE5-685064722ED0}.Release|Any CPU.ActiveCfg = Release|Any CPU
		{5A0A1F42-6D25-46FB-8FE5-685064722ED0}.Release|Any CPU.Build.0 = Release|Any CPU
		{5A0A1F42-6D25-46FB-8FE5-685064722ED0}.Release|x64.ActiveCfg = Release|Any CPU
		{5A0A1F42-6D25-46FB-8FE5-685064722ED0}.Release|x64.Build.0 = Release|Any CPU
		{5A0A1F42-6D25-46FB-8FE5-685064722ED0}.Release|x86.ActiveCfg = Release|Any CPU
		{5A0A1F42-6D25-46FB-8FE5-685064722ED0}.Release|x86.Build.0 = Release|Any CPU
		{846D48D5-737A-4DC4-98FB-B595063D76B0}.Debug|Any CPU.ActiveCfg = Debug|Any CPU
		{846D48D5-737A-4DC4-98FB-B595063D76B0}.Debug|Any CPU.Build.0 = Debug|Any CPU
		{846D48D5-737A-4DC4-98FB-B595063D76B0}.Debug|x64.ActiveCfg = Debug|Any CPU
		{846D48D5-737A-4DC4-98FB-B595063D76B0}.Debug|x64.Build.0 = Debug|Any CPU
		{846D48D5-737A-4DC4-98FB-B595063D76B0}.Debug|x86.ActiveCfg = Debug|Any CPU
		{846D48D5-737A-4DC4-98FB-B595063D76B0}.Debug|x86.Build.0 = Debug|Any CPU
		{846D48D5-737A-4DC4-98FB-B595063D76B0}.Release|Any CPU.ActiveCfg = Release|Any CPU
		{846D48D5-737A-4DC4-98FB-B595063D76B0}.Release|Any CPU.Build.0 = Release|Any CPU
		{846D48D5-737A-4DC4-98FB-B595063D76B0}.Release|x64.ActiveCfg = Release|Any CPU
		{846D48D5-737A-4DC4-98FB-B595063D76B0}.Release|x64.Build.0 = Release|Any CPU
		{846D48D5-737A-4DC4-98FB-B595063D76B0}.Release|x86.ActiveCfg = Release|Any CPU
		{846D48D5-737A-4DC4-98FB-B595063D76B0}.Release|x86.Build.0 = Release|Any CPU
		{66984B9B-43DB-46CD-A6EF-C28194E6225C}.Debug|Any CPU.ActiveCfg = Debug|Any CPU
		{66984B9B-43DB-46CD-A6EF-C28194E6225C}.Debug|Any CPU.Build.0 = Debug|Any CPU
		{66984B9B-43DB-46CD-A6EF-C28194E6225C}.Debug|x64.ActiveCfg = Debug|Any CPU
		{66984B9B-43DB-46CD-A6EF-C28194E6225C}.Debug|x64.Build.0 = Debug|Any CPU
		{66984B9B-43DB-46CD-A6EF-C28194E6225C}.Debug|x86.ActiveCfg = Debug|Any CPU
		{66984B9B-43DB-46CD-A6EF-C28194E6225C}.Debug|x86.Build.0 = Debug|Any CPU
		{66984B9B-43DB-46CD-A6EF-C28194E6225C}.Release|Any CPU.ActiveCfg = Release|Any CPU
		{66984B9B-43DB-46CD-A6EF-C28194E6225C}.Release|Any CPU.Build.0 = Release|Any CPU
		{66984B9B-43DB-46CD-A6EF-C28194E6225C}.Release|x64.ActiveCfg = Release|Any CPU
		{66984B9B-43DB-46CD-A6EF-C28194E6225C}.Release|x64.Build.0 = Release|Any CPU
		{66984B9B-43DB-46CD-A6EF-C28194E6225C}.Release|x86.ActiveCfg = Release|Any CPU
		{66984B9B-43DB-46CD-A6EF-C28194E6225C}.Release|x86.Build.0 = Release|Any CPU
		{F397CED9-C1F3-4065-A5B4-ACD275AC182A}.Debug|Any CPU.ActiveCfg = Debug|Any CPU
		{F397CED9-C1F3-4065-A5B4-ACD275AC182A}.Debug|Any CPU.Build.0 = Debug|Any CPU
		{F397CED9-C1F3-4065-A5B4-ACD275AC182A}.Debug|x64.ActiveCfg = Debug|Any CPU
		{F397CED9-C1F3-4065-A5B4-ACD275AC182A}.Debug|x64.Build.0 = Debug|Any CPU
		{F397CED9-C1F3-4065-A5B4-ACD275AC182A}.Debug|x86.ActiveCfg = Debug|Any CPU
		{F397CED9-C1F3-4065-A5B4-ACD275AC182A}.Debug|x86.Build.0 = Debug|Any CPU
		{F397CED9-C1F3-4065-A5B4-ACD275AC182A}.Release|Any CPU.ActiveCfg = Release|Any CPU
		{F397CED9-C1F3-4065-A5B4-ACD275AC182A}.Release|Any CPU.Build.0 = Release|Any CPU
		{F397CED9-C1F3-4065-A5B4-ACD275AC182A}.Release|x64.ActiveCfg = Release|Any CPU
		{F397CED9-C1F3-4065-A5B4-ACD275AC182A}.Release|x64.Build.0 = Release|Any CPU
		{F397CED9-C1F3-4065-A5B4-ACD275AC182A}.Release|x86.ActiveCfg = Release|Any CPU
		{F397CED9-C1F3-4065-A5B4-ACD275AC182A}.Release|x86.Build.0 = Release|Any CPU
		{F533108C-0E67-4B75-9F47-6AA4288024C8}.Debug|Any CPU.ActiveCfg = Debug|Any CPU
		{F533108C-0E67-4B75-9F47-6AA4288024C8}.Debug|Any CPU.Build.0 = Debug|Any CPU
		{F533108C-0E67-4B75-9F47-6AA4288024C8}.Debug|x64.ActiveCfg = Debug|Any CPU
		{F533108C-0E67-4B75-9F47-6AA4288024C8}.Debug|x64.Build.0 = Debug|Any CPU
		{F533108C-0E67-4B75-9F47-6AA4288024C8}.Debug|x86.ActiveCfg = Debug|Any CPU
		{F533108C-0E67-4B75-9F47-6AA4288024C8}.Debug|x86.Build.0 = Debug|Any CPU
		{F533108C-0E67-4B75-9F47-6AA4288024C8}.Release|Any CPU.ActiveCfg = Release|Any CPU
		{F533108C-0E67-4B75-9F47-6AA4288024C8}.Release|Any CPU.Build.0 = Release|Any CPU
		{F533108C-0E67-4B75-9F47-6AA4288024C8}.Release|x64.ActiveCfg = Release|Any CPU
		{F533108C-0E67-4B75-9F47-6AA4288024C8}.Release|x64.Build.0 = Release|Any CPU
		{F533108C-0E67-4B75-9F47-6AA4288024C8}.Release|x86.ActiveCfg = Release|Any CPU
		{F533108C-0E67-4B75-9F47-6AA4288024C8}.Release|x86.Build.0 = Release|Any CPU
		{C3691706-F122-4BB9-9EFF-73B7C5879C19}.Debug|Any CPU.ActiveCfg = Debug|Any CPU
		{C3691706-F122-4BB9-9EFF-73B7C5879C19}.Debug|Any CPU.Build.0 = Debug|Any CPU
		{C3691706-F122-4BB9-9EFF-73B7C5879C19}.Debug|x64.ActiveCfg = Debug|Any CPU
		{C3691706-F122-4BB9-9EFF-73B7C5879C19}.Debug|x64.Build.0 = Debug|Any CPU
		{C3691706-F122-4BB9-9EFF-73B7C5879C19}.Debug|x86.ActiveCfg = Debug|Any CPU
		{C3691706-F122-4BB9-9EFF-73B7C5879C19}.Debug|x86.Build.0 = Debug|Any CPU
		{C3691706-F122-4BB9-9EFF-73B7C5879C19}.Release|Any CPU.ActiveCfg = Release|Any CPU
		{C3691706-F122-4BB9-9EFF-73B7C5879C19}.Release|Any CPU.Build.0 = Release|Any CPU
		{C3691706-F122-4BB9-9EFF-73B7C5879C19}.Release|x64.ActiveCfg = Release|Any CPU
		{C3691706-F122-4BB9-9EFF-73B7C5879C19}.Release|x64.Build.0 = Release|Any CPU
		{C3691706-F122-4BB9-9EFF-73B7C5879C19}.Release|x86.ActiveCfg = Release|Any CPU
		{C3691706-F122-4BB9-9EFF-73B7C5879C19}.Release|x86.Build.0 = Release|Any CPU
		{24883D8E-30A2-4C08-9E5D-C553A2D9175E}.Debug|Any CPU.ActiveCfg = Debug|Any CPU
		{24883D8E-30A2-4C08-9E5D-C553A2D9175E}.Debug|Any CPU.Build.0 = Debug|Any CPU
		{24883D8E-30A2-4C08-9E5D-C553A2D9175E}.Debug|x64.ActiveCfg = Debug|Any CPU
		{24883D8E-30A2-4C08-9E5D-C553A2D9175E}.Debug|x64.Build.0 = Debug|Any CPU
		{24883D8E-30A2-4C08-9E5D-C553A2D9175E}.Debug|x86.ActiveCfg = Debug|Any CPU
		{24883D8E-30A2-4C08-9E5D-C553A2D9175E}.Debug|x86.Build.0 = Debug|Any CPU
		{24883D8E-30A2-4C08-9E5D-C553A2D9175E}.Release|Any CPU.ActiveCfg = Release|Any CPU
		{24883D8E-30A2-4C08-9E5D-C553A2D9175E}.Release|Any CPU.Build.0 = Release|Any CPU
		{24883D8E-30A2-4C08-9E5D-C553A2D9175E}.Release|x64.ActiveCfg = Release|Any CPU
		{24883D8E-30A2-4C08-9E5D-C553A2D9175E}.Release|x64.Build.0 = Release|Any CPU
		{24883D8E-30A2-4C08-9E5D-C553A2D9175E}.Release|x86.ActiveCfg = Release|Any CPU
		{24883D8E-30A2-4C08-9E5D-C553A2D9175E}.Release|x86.Build.0 = Release|Any CPU
		{DA34BB07-A6FF-405A-B733-8D4679E60A57}.Debug|Any CPU.ActiveCfg = Debug|Any CPU
		{DA34BB07-A6FF-405A-B733-8D4679E60A57}.Debug|Any CPU.Build.0 = Debug|Any CPU
		{DA34BB07-A6FF-405A-B733-8D4679E60A57}.Debug|x64.ActiveCfg = Debug|Any CPU
		{DA34BB07-A6FF-405A-B733-8D4679E60A57}.Debug|x64.Build.0 = Debug|Any CPU
		{DA34BB07-A6FF-405A-B733-8D4679E60A57}.Debug|x86.ActiveCfg = Debug|Any CPU
		{DA34BB07-A6FF-405A-B733-8D4679E60A57}.Debug|x86.Build.0 = Debug|Any CPU
		{DA34BB07-A6FF-405A-B733-8D4679E60A57}.Release|Any CPU.ActiveCfg = Release|Any CPU
		{DA34BB07-A6FF-405A-B733-8D4679E60A57}.Release|Any CPU.Build.0 = Release|Any CPU
		{DA34BB07-A6FF-405A-B733-8D4679E60A57}.Release|x64.ActiveCfg = Release|Any CPU
		{DA34BB07-A6FF-405A-B733-8D4679E60A57}.Release|x64.Build.0 = Release|Any CPU
		{DA34BB07-A6FF-405A-B733-8D4679E60A57}.Release|x86.ActiveCfg = Release|Any CPU
		{DA34BB07-A6FF-405A-B733-8D4679E60A57}.Release|x86.Build.0 = Release|Any CPU
		{7B459CE3-DE6A-4C15-BB74-4CE95EABFE11}.Debug|Any CPU.ActiveCfg = Debug|Any CPU
		{7B459CE3-DE6A-4C15-BB74-4CE95EABFE11}.Debug|Any CPU.Build.0 = Debug|Any CPU
		{7B459CE3-DE6A-4C15-BB74-4CE95EABFE11}.Debug|x64.ActiveCfg = Debug|Any CPU
		{7B459CE3-DE6A-4C15-BB74-4CE95EABFE11}.Debug|x64.Build.0 = Debug|Any CPU
		{7B459CE3-DE6A-4C15-BB74-4CE95EABFE11}.Debug|x86.ActiveCfg = Debug|Any CPU
		{7B459CE3-DE6A-4C15-BB74-4CE95EABFE11}.Debug|x86.Build.0 = Debug|Any CPU
		{7B459CE3-DE6A-4C15-BB74-4CE95EABFE11}.Release|Any CPU.ActiveCfg = Release|Any CPU
		{7B459CE3-DE6A-4C15-BB74-4CE95EABFE11}.Release|Any CPU.Build.0 = Release|Any CPU
		{7B459CE3-DE6A-4C15-BB74-4CE95EABFE11}.Release|x64.ActiveCfg = Release|Any CPU
		{7B459CE3-DE6A-4C15-BB74-4CE95EABFE11}.Release|x64.Build.0 = Release|Any CPU
		{7B459CE3-DE6A-4C15-BB74-4CE95EABFE11}.Release|x86.ActiveCfg = Release|Any CPU
		{7B459CE3-DE6A-4C15-BB74-4CE95EABFE11}.Release|x86.Build.0 = Release|Any CPU
		{C7B77D9F-7DE9-42AA-A5D9-7E1068F1A847}.Debug|Any CPU.ActiveCfg = Debug|Any CPU
		{C7B77D9F-7DE9-42AA-A5D9-7E1068F1A847}.Debug|Any CPU.Build.0 = Debug|Any CPU
		{C7B77D9F-7DE9-42AA-A5D9-7E1068F1A847}.Debug|x64.ActiveCfg = Debug|Any CPU
		{C7B77D9F-7DE9-42AA-A5D9-7E1068F1A847}.Debug|x64.Build.0 = Debug|Any CPU
		{C7B77D9F-7DE9-42AA-A5D9-7E1068F1A847}.Debug|x86.ActiveCfg = Debug|Any CPU
		{C7B77D9F-7DE9-42AA-A5D9-7E1068F1A847}.Debug|x86.Build.0 = Debug|Any CPU
		{C7B77D9F-7DE9-42AA-A5D9-7E1068F1A847}.Release|Any CPU.ActiveCfg = Release|Any CPU
		{C7B77D9F-7DE9-42AA-A5D9-7E1068F1A847}.Release|Any CPU.Build.0 = Release|Any CPU
		{C7B77D9F-7DE9-42AA-A5D9-7E1068F1A847}.Release|x64.ActiveCfg = Release|Any CPU
		{C7B77D9F-7DE9-42AA-A5D9-7E1068F1A847}.Release|x64.Build.0 = Release|Any CPU
		{C7B77D9F-7DE9-42AA-A5D9-7E1068F1A847}.Release|x86.ActiveCfg = Release|Any CPU
		{C7B77D9F-7DE9-42AA-A5D9-7E1068F1A847}.Release|x86.Build.0 = Release|Any CPU
	EndGlobalSection
	GlobalSection(SolutionProperties) = preSolution
		HideSolutionNode = FALSE
	EndGlobalSection
	GlobalSection(NestedProjects) = preSolution
		{5A0A1F42-6D25-46FB-8FE5-685064722ED0} = {827E0CD3-B72D-47B6-A68D-7590B98EB39B}
		{846D48D5-737A-4DC4-98FB-B595063D76B0} = {827E0CD3-B72D-47B6-A68D-7590B98EB39B}
		{66984B9B-43DB-46CD-A6EF-C28194E6225C} = {827E0CD3-B72D-47B6-A68D-7590B98EB39B}
		{F397CED9-C1F3-4065-A5B4-ACD275AC182A} = {827E0CD3-B72D-47B6-A68D-7590B98EB39B}
		{F533108C-0E67-4B75-9F47-6AA4288024C8} = {0AB3BF05-4346-4AA6-1389-037BE0695223}
		{C3691706-F122-4BB9-9EFF-73B7C5879C19} = {0AB3BF05-4346-4AA6-1389-037BE0695223}
		{24883D8E-30A2-4C08-9E5D-C553A2D9175E} = {827E0CD3-B72D-47B6-A68D-7590B98EB39B}
		{DA34BB07-A6FF-405A-B733-8D4679E60A57} = {827E0CD3-B72D-47B6-A68D-7590B98EB39B}
		{7B459CE3-DE6A-4C15-BB74-4CE95EABFE11} = {827E0CD3-B72D-47B6-A68D-7590B98EB39B}
		{C7B77D9F-7DE9-42AA-A5D9-7E1068F1A847} = {0AB3BF05-4346-4AA6-1389-037BE0695223}
	EndGlobalSection
EndGlobal
